// !$*UTF8*$!
{
	archiveVersion = 1;
	classes = {
	};
	objectVersion = 46;
	objects = {

/* Begin PBXBuildFile section */
		4CC73E0D19D1ACA300CB57EB /* AppDelegate.swift in Sources */ = {isa = PBXBuildFile; fileRef = 4CC73E0C19D1ACA300CB57EB /* AppDelegate.swift */; };
		4CC73E0F19D1ACA300CB57EB /* ViewController.swift in Sources */ = {isa = PBXBuildFile; fileRef = 4CC73E0E19D1ACA300CB57EB /* ViewController.swift */; };
		4CC73E1219D1ACA300CB57EB /* Main.storyboard in Resources */ = {isa = PBXBuildFile; fileRef = 4CC73E1019D1ACA300CB57EB /* Main.storyboard */; };
		4CC73E1419D1ACA300CB57EB /* Images.xcassets in Resources */ = {isa = PBXBuildFile; fileRef = 4CC73E1319D1ACA300CB57EB /* Images.xcassets */; };
		4CC73E1719D1ACA300CB57EB /* LaunchScreen.xib in Resources */ = {isa = PBXBuildFile; fileRef = 4CC73E1519D1ACA300CB57EB /* LaunchScreen.xib */; };
		4CC73E2319D1ACA400CB57EB /* PitspotTests.swift in Sources */ = {isa = PBXBuildFile; fileRef = 4CC73E2219D1ACA400CB57EB /* PitspotTests.swift */; };
/* End PBXBuildFile section */

/* Begin PBXContainerItemProxy section */
		4CC73E1D19D1ACA400CB57EB /* PBXContainerItemProxy */ = {
			isa = PBXContainerItemProxy;
			containerPortal = 4CC73DFF19D1ACA300CB57EB /* Project object */;
			proxyType = 1;
			remoteGlobalIDString = 4CC73E0619D1ACA300CB57EB;
			remoteInfo = Pitspot;
		};
/* End PBXContainerItemProxy section */

/* Begin PBXFileReference section */
		4CC73E0719D1ACA300CB57EB /* Pitspot.app */ = {isa = PBXFileReference; explicitFileType = wrapper.application; includeInIndex = 0; path = Pitspot.app; sourceTree = BUILT_PRODUCTS_DIR; };
		4CC73E0B19D1ACA300CB57EB /* Info.plist */ = {isa = PBXFileReference; lastKnownFileType = text.plist.xml; path = Info.plist; sourceTree = "<group>"; };
		4CC73E0C19D1ACA300CB57EB /* AppDelegate.swift */ = {isa = PBXFileReference; lastKnownFileType = sourcecode.swift; path = AppDelegate.swift; sourceTree = "<group>"; };
		4CC73E0E19D1ACA300CB57EB /* ViewController.swift */ = {isa = PBXFileReference; lastKnownFileType = sourcecode.swift; path = ViewController.swift; sourceTree = "<group>"; };
		4CC73E1119D1ACA300CB57EB /* Base */ = {isa = PBXFileReference; lastKnownFileType = file.storyboard; name = Base; path = Base.lproj/Main.storyboard; sourceTree = "<group>"; };
		4CC73E1319D1ACA300CB57EB /* Images.xcassets */ = {isa = PBXFileReference; lastKnownFileType = folder.assetcatalog; path = Images.xcassets; sourceTree = "<group>"; };
		4CC73E1619D1ACA300CB57EB /* Base */ = {isa = PBXFileReference; lastKnownFileType = file.xib; name = Base; path = Base.lproj/LaunchScreen.xib; sourceTree = "<group>"; };
		4CC73E1C19D1ACA400CB57EB /* PitspotTests.xctest */ = {isa = PBXFileReference; explicitFileType = wrapper.cfbundle; includeInIndex = 0; path = PitspotTests.xctest; sourceTree = BUILT_PRODUCTS_DIR; };
		4CC73E2119D1ACA400CB57EB /* Info.plist */ = {isa = PBXFileReference; lastKnownFileType = text.plist.xml; path = Info.plist; sourceTree = "<group>"; };
		4CC73E2219D1ACA400CB57EB /* PitspotTests.swift */ = {isa = PBXFileReference; lastKnownFileType = sourcecode.swift; path = PitspotTests.swift; sourceTree = "<group>"; };
/* End PBXFileReference section */

/* Begin PBXFrameworksBuildPhase section */
		4CC73E0419D1ACA300CB57EB /* Frameworks */ = {
			isa = PBXFrameworksBuildPhase;
			buildActionMask = 2147483647;
			files = (
			);
			runOnlyForDeploymentPostprocessing = 0;
		};
		4CC73E1919D1ACA400CB57EB /* Frameworks */ = {
			isa = PBXFrameworksBuildPhase;
			buildActionMask = 2147483647;
			files = (
			);
			runOnlyForDeploymentPostprocessing = 0;
		};
/* End PBXFrameworksBuildPhase section */

/* Begin PBXGroup section */
		4CC73DFE19D1ACA300CB57EB = {
			isa = PBXGroup;
			children = (
				4CC73E0919D1ACA300CB57EB /* Pitspot */,
				4CC73E1F19D1ACA400CB57EB /* PitspotTests */,
				4CC73E0819D1ACA300CB57EB /* Products */,
			);
			sourceTree = "<group>";
		};
		4CC73E0819D1ACA300CB57EB /* Products */ = {
			isa = PBXGroup;
			children = (
				4CC73E0719D1ACA300CB57EB /* Pitspot.app */,
				4CC73E1C19D1ACA400CB57EB /* PitspotTests.xctest */,
			);
			name = Products;
			sourceTree = "<group>";
		};
		4CC73E0919D1ACA300CB57EB /* Pitspot */ = {
			isa = PBXGroup;
			children = (
				4CC73E0C19D1ACA300CB57EB /* AppDelegate.swift */,
				4CC73E0E19D1ACA300CB57EB /* ViewController.swift */,
				4CC73E1019D1ACA300CB57EB /* Main.storyboard */,
				4CC73E1319D1ACA300CB57EB /* Images.xcassets */,
				4CC73E1519D1ACA300CB57EB /* LaunchScreen.xib */,
				4CC73E0A19D1ACA300CB57EB /* Supporting Files */,
			);
			path = Pitspot;
			sourceTree = "<group>";
		};
		4CC73E0A19D1ACA300CB57EB /* Supporting Files */ = {
			isa = PBXGroup;
			children = (
				4CC73E0B19D1ACA300CB57EB /* Info.plist */,
			);
			name = "Supporting Files";
			sourceTree = "<group>";
		};
		4CC73E1F19D1ACA400CB57EB /* PitspotTests */ = {
			isa = PBXGroup;
			children = (
				4CC73E2219D1ACA400CB57EB /* PitspotTests.swift */,
				4CC73E2019D1ACA400CB57EB /* Supporting Files */,
			);
			path = PitspotTests;
			sourceTree = "<group>";
		};
		4CC73E2019D1ACA400CB57EB /* Supporting Files */ = {
			isa = PBXGroup;
			children = (
				4CC73E2119D1ACA400CB57EB /* Info.plist */,
			);
			name = "Supporting Files";
			sourceTree = "<group>";
		};
/* End PBXGroup section */

/* Begin PBXNativeTarget section */
		4CC73E0619D1ACA300CB57EB /* Pitspot */ = {
			isa = PBXNativeTarget;
			buildConfigurationList = 4CC73E2619D1ACA400CB57EB /* Build configuration list for PBXNativeTarget "Pitspot" */;
			buildPhases = (
				4CC73E0319D1ACA300CB57EB /* Sources */,
				4CC73E0419D1ACA300CB57EB /* Frameworks */,
				4CC73E0519D1ACA300CB57EB /* Resources */,
			);
			buildRules = (
			);
			dependencies = (
			);
			name = Pitspot;
			productName = Pitspot;
			productReference = 4CC73E0719D1ACA300CB57EB /* Pitspot.app */;
			productType = "com.apple.product-type.application";
		};
		4CC73E1B19D1ACA400CB57EB /* PitspotTests */ = {
			isa = PBXNativeTarget;
			buildConfigurationList = 4CC73E2919D1ACA400CB57EB /* Build configuration list for PBXNativeTarget "PitspotTests" */;
			buildPhases = (
				4CC73E1819D1ACA400CB57EB /* Sources */,
				4CC73E1919D1ACA400CB57EB /* Frameworks */,
				4CC73E1A19D1ACA400CB57EB /* Resources */,
			);
			buildRules = (
			);
			dependencies = (
				4CC73E1E19D1ACA400CB57EB /* PBXTargetDependency */,
			);
			name = PitspotTests;
			productName = PitspotTests;
			productReference = 4CC73E1C19D1ACA400CB57EB /* PitspotTests.xctest */;
			productType = "com.apple.product-type.bundle.unit-test";
		};
/* End PBXNativeTarget section */

/* Begin PBXProject section */
		4CC73DFF19D1ACA300CB57EB /* Project object */ = {
			isa = PBXProject;
			attributes = {
				LastUpgradeCheck = 0600;
				ORGANIZATIONNAME = knowbody;
				TargetAttributes = {
					4CC73E0619D1ACA300CB57EB = {
						CreatedOnToolsVersion = 6.0.1;
					};
					4CC73E1B19D1ACA400CB57EB = {
						CreatedOnToolsVersion = 6.0.1;
						TestTargetID = 4CC73E0619D1ACA300CB57EB;
					};
				};
			};
			buildConfigurationList = 4CC73E0219D1ACA300CB57EB /* Build configuration list for PBXProject "Pitspot" */;
			compatibilityVersion = "Xcode 3.2";
			developmentRegion = English;
			hasScannedForEncodings = 0;
			knownRegions = (
				en,
				Base,
			);
			mainGroup = 4CC73DFE19D1ACA300CB57EB;
			productRefGroup = 4CC73E0819D1ACA300CB57EB /* Products */;
			projectDirPath = "";
			projectRoot = "";
			targets = (
				4CC73E0619D1ACA300CB57EB /* Pitspot */,
				4CC73E1B19D1ACA400CB57EB /* PitspotTests */,
			);
		};
/* End PBXProject section */

/* Begin PBXResourcesBuildPhase section */
		4CC73E0519D1ACA300CB57EB /* Resources */ = {
			isa = PBXResourcesBuildPhase;
			buildActionMask = 2147483647;
			files = (
				4CC73E1219D1ACA300CB57EB /* Main.storyboard in Resources */,
				4CC73E1719D1ACA300CB57EB /* LaunchScreen.xib in Resources */,
				4CC73E1419D1ACA300CB57EB /* Images.xcassets in Resources */,
			);
			runOnlyForDeploymentPostprocessing = 0;
		};
		4CC73E1A19D1ACA400CB57EB /* Resources */ = {
			isa = PBXResourcesBuildPhase;
			buildActionMask = 2147483647;
			files = (
			);
			runOnlyForDeploymentPostprocessing = 0;
		};
/* End PBXResourcesBuildPhase section */

/* Begin PBXSourcesBuildPhase section */
		4CC73E0319D1ACA300CB57EB /* Sources */ = {
			isa = PBXSourcesBuildPhase;
			buildActionMask = 2147483647;
			files = (
				4CC73E0F19D1ACA300CB57EB /* ViewController.swift in Sources */,
				4CC73E0D19D1ACA300CB57EB /* AppDelegate.swift in Sources */,
			);
			runOnlyForDeploymentPostprocessing = 0;
		};
		4CC73E1819D1ACA400CB57EB /* Sources */ = {
			isa = PBXSourcesBuildPhase;
			buildActionMask = 2147483647;
			files = (
				4CC73E2319D1ACA400CB57EB /* PitspotTests.swift in Sources */,
			);
			runOnlyForDeploymentPostprocessing = 0;
		};
/* End PBXSourcesBuildPhase section */

/* Begin PBXTargetDependency section */
		4CC73E1E19D1ACA400CB57EB /* PBXTargetDependency */ = {
			isa = PBXTargetDependency;
			target = 4CC73E0619D1ACA300CB57EB /* Pitspot */;
			targetProxy = 4CC73E1D19D1ACA400CB57EB /* PBXContainerItemProxy */;
		};
/* End PBXTargetDependency section */

/* Begin PBXVariantGroup section */
		4CC73E1019D1ACA300CB57EB /* Main.storyboard */ = {
			isa = PBXVariantGroup;
			children = (
				4CC73E1119D1ACA300CB57EB /* Base */,
			);
			name = Main.storyboard;
			sourceTree = "<group>";
		};
		4CC73E1519D1ACA300CB57EB /* LaunchScreen.xib */ = {
			isa = PBXVariantGroup;
			children = (
				4CC73E1619D1ACA300CB57EB /* Base */,
			);
			name = LaunchScreen.xib;
			sourceTree = "<group>";
		};
/* End PBXVariantGroup section */

/* Begin XCBuildConfiguration section */
		4CC73E2419D1ACA400CB57EB /* Debug */ = {
			isa = XCBuildConfiguration;
			buildSettings = {
				ALWAYS_SEARCH_USER_PATHS = NO;
				CLANG_CXX_LANGUAGE_STANDARD = "gnu++0x";
				CLANG_CXX_LIBRARY = "libc++";
				CLANG_ENABLE_MODULES = YES;
				CLANG_ENABLE_OBJC_ARC = YES;
				CLANG_WARN_BOOL_CONVERSION = YES;
				CLANG_WARN_CONSTANT_CONVERSION = YES;
				CLANG_WARN_DIRECT_OBJC_ISA_USAGE = YES_ERROR;
				CLANG_WARN_EMPTY_BODY = YES;
				CLANG_WARN_ENUM_CONVERSION = YES;
				CLANG_WARN_INT_CONVERSION = YES;
				CLANG_WARN_OBJC_ROOT_CLASS = YES_ERROR;
				CLANG_WARN_UNREACHABLE_CODE = YES;
				CLANG_WARN__DUPLICATE_METHOD_MATCH = YES;
				"CODE_SIGN_IDENTITY[sdk=iphoneos*]" = "iPhone Developer";
				COPY_PHASE_STRIP = NO;
				ENABLE_STRICT_OBJC_MSGSEND = YES;
				GCC_C_LANGUAGE_STANDARD = gnu99;
				GCC_DYNAMIC_NO_PIC = NO;
				GCC_OPTIMIZATION_LEVEL = 0;
				GCC_PREPROCESSOR_DEFINITIONS = (
					"DEBUG=1",
					"$(inherited)",
				);
				GCC_SYMBOLS_PRIVATE_EXTERN = NO;
				GCC_WARN_64_TO_32_BIT_CONVERSION = YES;
				GCC_WARN_ABOUT_RETURN_TYPE = YES_ERROR;
				GCC_WARN_UNDECLARED_SELECTOR = YES;
				GCC_WARN_UNINITIALIZED_AUTOS = YES_AGGRESSIVE;
				GCC_WARN_UNUSED_FUNCTION = YES;
				GCC_WARN_UNUSED_VARIABLE = YES;
				IPHONEOS_DEPLOYMENT_TARGET = 8.0;
				MTL_ENABLE_DEBUG_INFO = YES;
				ONLY_ACTIVE_ARCH = YES;
				SDKROOT = iphoneos;
				SWIFT_OPTIMIZATION_LEVEL = "-Onone";
			};
			name = Debug;
		};
		4CC73E2519D1ACA400CB57EB /* Release */ = {
			isa = XCBuildConfiguration;
			buildSettings = {
				ALWAYS_SEARCH_USER_PATHS = NO;
				CLANG_CXX_LANGUAGE_STANDARD = "gnu++0x";
				CLANG_CXX_LIBRARY = "libc++";
				CLANG_ENABLE_MODULES = YES;
				CLANG_ENABLE_OBJC_ARC = YES;
				CLANG_WARN_BOOL_CONVERSION = YES;
				CLANG_WARN_CONSTANT_CONVERSION = YES;
				CLANG_WARN_DIRECT_OBJC_ISA_USAGE = YES_ERROR;
				CLANG_WARN_EMPTY_BODY = YES;
				CLANG_WARN_ENUM_CONVERSION = YES;
				CLANG_WARN_INT_CONVERSION = YES;
				CLANG_WARN_OBJC_ROOT_CLASS = YES_ERROR;
				CLANG_WARN_UNREACHABLE_CODE = YES;
				CLANG_WARN__DUPLICATE_METHOD_MATCH = YES;
				"CODE_SIGN_IDENTITY[sdk=iphoneos*]" = "iPhone Developer";
				COPY_PHASE_STRIP = YES;
				ENABLE_NS_ASSERTIONS = NO;
				ENABLE_STRICT_OBJC_MSGSEND = YES;
				GCC_C_LANGUAGE_STANDARD = gnu99;
				GCC_WARN_64_TO_32_BIT_CONVERSION = YES;
				GCC_WARN_ABOUT_RETURN_TYPE = YES_ERROR;
				GCC_WARN_UNDECLARED_SELECTOR = YES;
				GCC_WARN_UNINITIALIZED_AUTOS = YES_AGGRESSIVE;
				GCC_WARN_UNUSED_FUNCTION = YES;
				GCC_WARN_UNUSED_VARIABLE = YES;
				IPHONEOS_DEPLOYMENT_TARGET = 8.0;
				MTL_ENABLE_DEBUG_INFO = NO;
				SDKROOT = iphoneos;
				VALIDATE_PRODUCT = YES;
			};
			name = Release;
		};
		4CC73E2719D1ACA400CB57EB /* Debug */ = {
			isa = XCBuildConfiguration;
			buildSettings = {
				ASSETCATALOG_COMPILER_APPICON_NAME = AppIcon;
				INFOPLIST_FILE = Pitspot/Info.plist;
				LD_RUNPATH_SEARCH_PATHS = "$(inherited) @executable_path/Frameworks";
				PRODUCT_NAME = "$(TARGET_NAME)";
			};
			name = Debug;
		};
		4CC73E2819D1ACA400CB57EB /* Release */ = {
			isa = XCBuildConfiguration;
			buildSettings = {
				ASSETCATALOG_COMPILER_APPICON_NAME = AppIcon;
				INFOPLIST_FILE = Pitspot/Info.plist;
				LD_RUNPATH_SEARCH_PATHS = "$(inherited) @executable_path/Frameworks";
				PRODUCT_NAME = "$(TARGET_NAME)";
			};
			name = Release;
		};
		4CC73E2A19D1ACA400CB57EB /* Debug */ = {
			isa = XCBuildConfiguration;
			buildSettings = {
				BUNDLE_LOADER = "$(TEST_HOST)";
				FRAMEWORK_SEARCH_PATHS = (
					"$(SDKROOT)/Developer/Library/Frameworks",
					"$(inherited)",
				);
				GCC_PREPROCESSOR_DEFINITIONS = (
					"DEBUG=1",
					"$(inherited)",
				);
				INFOPLIST_FILE = PitspotTests/Info.plist;
				LD_RUNPATH_SEARCH_PATHS = "$(inherited) @executable_path/Frameworks @loader_path/Frameworks";
				PRODUCT_NAME = "$(TARGET_NAME)";
				TEST_HOST = "$(BUILT_PRODUCTS_DIR)/Pitspot.app/Pitspot";
			};
			name = Debug;
		};
		4CC73E2B19D1ACA400CB57EB /* Release */ = {
			isa = XCBuildConfiguration;
			buildSettings = {
				BUNDLE_LOADER = "$(TEST_HOST)";
				FRAMEWORK_SEARCH_PATHS = (
					"$(SDKROOT)/Developer/Library/Frameworks",
					"$(inherited)",
				);
				INFOPLIST_FILE = PitspotTests/Info.plist;
				LD_RUNPATH_SEARCH_PATHS = "$(inherited) @executable_path/Frameworks @loader_path/Frameworks";
				PRODUCT_NAME = "$(TARGET_NAME)";
				TEST_HOST = "$(BUILT_PRODUCTS_DIR)/Pitspot.app/Pitspot";
			};
			name = Release;
		};
/* End XCBuildConfiguration section */

/* Begin XCConfigurationList section */
		4CC73E0219D1ACA300CB57EB /* Build configuration list for PBXProject "Pitspot" */ = {
			isa = XCConfigurationList;
			buildConfigurations = (
				4CC73E2419D1ACA400CB57EB /* Debug */,
				4CC73E2519D1ACA400CB57EB /* Release */,
			);
			defaultConfigurationIsVisible = 0;
			defaultConfigurationName = Release;
		};
		4CC73E2619D1ACA400CB57EB /* Build configuration list for PBXNativeTarget "Pitspot" */ = {
			isa = XCConfigurationList;
			buildConfigurations = (
				4CC73E2719D1ACA400CB57EB /* Debug */,
				4CC73E2819D1ACA400CB57EB /* Release */,
			);
			defaultConfigurationIsVisible = 0;
		};
		4CC73E2919D1ACA400CB57EB /* Build configuration list for PBXNativeTarget "PitspotTests" */ = {
			isa = XCConfigurationList;
			buildConfigurations = (
				4CC73E2A19D1ACA400CB57EB /* Debug */,
				4CC73E2B19D1ACA400CB57EB /* Release */,
			);
			defaultConfigurationIsVisible = 0;
		};
/* End XCConfigurationList section */
	};
	rootObject = 4CC73DFF19D1ACA300CB57EB /* Project object */;
}
